
Microsoft Visual Studio Solution File, Format Version 12.00
# Visual Studio Version 16
VisualStudioVersion = 16.0.30907.101
MinimumVisualStudioVersion = 10.0.40219.1
Project("{FAE04EC0-301F-11D3-BF4B-00C04F79EFBC}") = "DataAccess", "DataAccess\DataAccess.csproj", "{7D9B1976-F80C-4356-BF0C-78C62939C97E}"
EndProject
Project("{FAE04EC0-301F-11D3-BF4B-00C04F79EFBC}") = "Entities", "Entities\Entities.csproj", "{F832B141-36C9-42F7-9A3F-0EBF0AA28832}"
EndProject
Project("{FAE04EC0-301F-11D3-BF4B-00C04F79EFBC}") = "Business", "Business\Business.csproj", "{4FCA0466-72C9-4EFD-9F52-1332AAEB60EC}"
EndProject
Project("{FAE04EC0-301F-11D3-BF4B-00C04F79EFBC}") = "ConsoleUI", "ConsoleUI\ConsoleUI.csproj", "{FFB99100-9817-43E9-B304-8EDE2005FF00}"
EndProject
Global
	GlobalSection(SolutionConfigurationPlatforms) = preSolution
		Debug|Any CPU = Debug|Any CPU
		Release|Any CPU = Release|Any CPU
	EndGlobalSection
	GlobalSection(ProjectConfigurationPlatforms) = postSolution
		{7D9B1976-F80C-4356-BF0C-78C62939C97E}.Debug|Any CPU.ActiveCfg = Debug|Any CPU
		{7D9B1976-F80C-4356-BF0C-78C62939C97E}.Debug|Any CPU.Build.0 = Debug|Any CPU
		{7D9B1976-F80C-4356-BF0C-78C62939C97E}.Release|Any CPU.ActiveCfg = Release|Any CPU
		{7D9B1976-F80C-4356-BF0C-78C62939C97E}.Release|Any CPU.Build.0 = Release|Any CPU
		{F832B141-36C9-42F7-9A3F-0EBF0AA28832}.Debug|Any CPU.ActiveCfg = Debug|Any CPU
		{F832B141-36C9-42F7-9A3F-0EBF0AA28832}.Debug|Any CPU.Build.0 = Debug|Any CPU
		{F832B141-36C9-42F7-9A3F-0EBF0AA28832}.Release|Any CPU.ActiveCfg = Release|Any CPU
		{F832B141-36C9-42F7-9A3F-0EBF0AA28832}.Release|Any CPU.Build.0 = Release|Any CPU
		{4FCA0466-72C9-4EFD-9F52-1332AAEB60EC}.Debug|Any CPU.ActiveCfg = Debug|Any CPU
		{4FCA0466-72C9-4EFD-9F52-1332AAEB60EC}.Debug|Any CPU.Build.0 = Debug|Any CPU
		{4FCA0466-72C9-4EFD-9F52-1332AAEB60EC}.Release|Any CPU.ActiveCfg = Release|Any CPU
		{4FCA0466-72C9-4EFD-9F52-1332AAEB60EC}.Release|Any CPU.Build.0 = Release|Any CPU
		{FFB99100-9817-43E9-B304-8EDE2005FF00}.Debug|Any CPU.ActiveCfg = Debug|Any CPU
		{FFB99100-9817-43E9-B304-8EDE2005FF00}.Debug|Any CPU.Build.0 = Debug|Any CPU
		{FFB99100-9817-43E9-B304-8EDE2005FF00}.Release|Any CPU.ActiveCfg = Release|Any CPU
		{FFB99100-9817-43E9-B304-8EDE2005FF00}.Release|Any CPU.Build.0 = Release|Any CPU
	EndGlobalSection
	GlobalSection(SolutionProperties) = preSolution
		HideSolutionNode = FALSE
	EndGlobalSection
	GlobalSection(ExtensibilityGlobals) = postSolution
		SolutionGuid = {021BB422-4C9E-4D2B-978E-0DFD2449571F}
	EndGlobalSection
EndGlobal
